
Microsoft Visual Studio Solution File, Format Version 12.00
# Visual Studio 15
VisualStudioVersion = 15.0.28307.329
MinimumVisualStudioVersion = 10.0.40219.1
Project("{FAE04EC0-301F-11D3-BF4B-00C04F79EFBC}") = "DesktopApp1", "DesktopApp1\DesktopApp1.csproj", "{85BCFA0B-1423-4137-8BF9-3F0BC6D5A5AC}"
EndProject
Global
	GlobalSection(SolutionConfigurationPlatforms) = preSolution
		Debug|Any CPU = Debug|Any CPU
		Release|Any CPU = Release|Any CPU
	EndGlobalSection
	GlobalSection(ProjectConfigurationPlatforms) = postSolution
		{85BCFA0B-1423-4137-8BF9-3F0BC6D5A5AC}.Debug|Any CPU.ActiveCfg = Debug|Any CPU
		{85BCFA0B-1423-4137-8BF9-3F0BC6D5A5AC}.Debug|Any CPU.Build.0 = Debug|Any CPU
		{85BCFA0B-1423-4137-8BF9-3F0BC6D5A5AC}.Release|Any CPU.ActiveCfg = Release|Any CPU
		{85BCFA0B-1423-4137-8BF9-3F0BC6D5A5AC}.Release|Any CPU.Build.0 = Release|Any CPU
	EndGlobalSection
	GlobalSection(SolutionProperties) = preSolution
		HideSolutionNode = FALSE
	EndGlobalSection
	GlobalSection(ExtensibilityGlobals) = postSolution
		SolutionGuid = {BBF25798-72B5-41F8-A395-D5D630582CEC}
	EndGlobalSection
EndGlobal
